
Microsoft Visual Studio Solution File, Format Version 12.00
# Visual Studio Version 17
VisualStudioVersion = 17.3.32901.215
MinimumVisualStudioVersion = 10.0.40219.1
Project("{FAE04EC0-301F-11D3-BF4B-00C04F79EFBC}") = "Liberty Travel And Tours", "Liberty Travel And Tours\Liberty Travel And Tours.csproj", "{77A2A614-2CEE-4E9F-B2AA-9C96C74EC634}"
EndProject
Global
	GlobalSection(SolutionConfigurationPlatforms) = preSolution
		Debug|Any CPU = Debug|Any CPU
		Release|Any CPU = Release|Any CPU
	EndGlobalSection
	GlobalSection(ProjectConfigurationPlatforms) = postSolution
		{77A2A614-2CEE-4E9F-B2AA-9C96C74EC634}.Debug|Any CPU.ActiveCfg = Debug|Any CPU
		{77A2A614-2CEE-4E9F-B2AA-9C96C74EC634}.Debug|Any CPU.Build.0 = Debug|Any CPU
		{77A2A614-2CEE-4E9F-B2AA-9C96C74EC634}.Release|Any CPU.ActiveCfg = Release|Any CPU
		{77A2A614-2CEE-4E9F-B2AA-9C96C74EC634}.Release|Any CPU.Build.0 = Release|Any CPU
	EndGlobalSection
	GlobalSection(SolutionProperties) = preSolution
		HideSolutionNode = FALSE
	EndGlobalSection
	GlobalSection(ExtensibilityGlobals) = postSolution
		SolutionGuid = {E0FE0E43-92C4-4C64-A642-303F614E9CAC}
	EndGlobalSection
EndGlobal
